// !$*UTF8*$!
{
	archiveVersion = 1;
	classes = {
	};
	objectVersion = 56;
	objects = {

/* Begin PBXBuildFile section */
		6A0421B52B86540D00F85CC7 /* CVSProjectApp.swift in Sources */ = {isa = PBXBuildFile; fileRef = 6A0421B42B86540D00F85CC7 /* CVSProjectApp.swift */; };
		6A0421B92B86541000F85CC7 /* Assets.xcassets in Resources */ = {isa = PBXBuildFile; fileRef = 6A0421B82B86541000F85CC7 /* Assets.xcassets */; };
		6A0421BC2B86541000F85CC7 /* Preview Assets.xcassets in Resources */ = {isa = PBXBuildFile; fileRef = 6A0421BB2B86541000F85CC7 /* Preview Assets.xcassets */; };
		6A0421D02B86541000F85CC7 /* CVSProjectUITests.swift in Sources */ = {isa = PBXBuildFile; fileRef = 6A0421CF2B86541000F85CC7 /* CVSProjectUITests.swift */; };
		6A0421D22B86541000F85CC7 /* CVSProjectUITestsLaunchTests.swift in Sources */ = {isa = PBXBuildFile; fileRef = 6A0421D12B86541000F85CC7 /* CVSProjectUITestsLaunchTests.swift */; };
		6A0421E02B86544200F85CC7 /* SearchView.swift in Sources */ = {isa = PBXBuildFile; fileRef = 6A0421DF2B86544200F85CC7 /* SearchView.swift */; };
		6A0421E22B86546A00F85CC7 /* SearchResultView.swift in Sources */ = {isa = PBXBuildFile; fileRef = 6A0421E12B86546A00F85CC7 /* SearchResultView.swift */; };
		6A0421E42B8654AA00F85CC7 /* SearchItemDetailsScreen.swift in Sources */ = {isa = PBXBuildFile; fileRef = 6A0421E32B8654AA00F85CC7 /* SearchItemDetailsScreen.swift */; };
		6A0421E62B8654C800F85CC7 /* ShareView.swift in Sources */ = {isa = PBXBuildFile; fileRef = 6A0421E52B8654C800F85CC7 /* ShareView.swift */; };
		6A0421E92B86551600F85CC7 /* SearchResponse.swift in Sources */ = {isa = PBXBuildFile; fileRef = 6A0421E82B86551600F85CC7 /* SearchResponse.swift */; };
		6A0421EB2B86555500F85CC7 /* SearchViewItem.swift in Sources */ = {isa = PBXBuildFile; fileRef = 6A0421EA2B86555500F85CC7 /* SearchViewItem.swift */; };
		6A0421EE2B86559000F85CC7 /* SearchViewModel.swift in Sources */ = {isa = PBXBuildFile; fileRef = 6A0421ED2B86559000F85CC7 /* SearchViewModel.swift */; };
		6A0421F02B8655A900F85CC7 /* SearchRequest.swift in Sources */ = {isa = PBXBuildFile; fileRef = 6A0421EF2B8655A900F85CC7 /* SearchRequest.swift */; };
		6A0421F32B8655D300F85CC7 /* FormatExtensions.swift in Sources */ = {isa = PBXBuildFile; fileRef = 6A0421F22B8655D200F85CC7 /* FormatExtensions.swift */; };
		6A0421F62B86560900F85CC7 /* Endpoints.swift in Sources */ = {isa = PBXBuildFile; fileRef = 6A0421F52B86560900F85CC7 /* Endpoints.swift */; };
		6A0421F82B86561900F85CC7 /* ApiManager.swift in Sources */ = {isa = PBXBuildFile; fileRef = 6A0421F72B86561900F85CC7 /* ApiManager.swift */; };
		6A0421FA2B86563600F85CC7 /* ApiCallError.swift in Sources */ = {isa = PBXBuildFile; fileRef = 6A0421F92B86563600F85CC7 /* ApiCallError.swift */; };
		6A0421FC2B86564D00F85CC7 /* JsonDecoder.swift in Sources */ = {isa = PBXBuildFile; fileRef = 6A0421FB2B86564D00F85CC7 /* JsonDecoder.swift */; };
		6A0421FE2B86565F00F85CC7 /* Request.swift in Sources */ = {isa = PBXBuildFile; fileRef = 6A0421FD2B86565F00F85CC7 /* Request.swift */; };
		6A0422002B8656C500F85CC7 /* SearchViewModelTests.swift in Sources */ = {isa = PBXBuildFile; fileRef = 6A0421FF2B8656C500F85CC7 /* SearchViewModelTests.swift */; };
		6A0422012B8656F000F85CC7 /* SearchViewModel.swift in Sources */ = {isa = PBXBuildFile; fileRef = 6A0421ED2B86559000F85CC7 /* SearchViewModel.swift */; };
		6A0422032B86570900F85CC7 /* ApiManagerMock.swift in Sources */ = {isa = PBXBuildFile; fileRef = 6A0422022B86570900F85CC7 /* ApiManagerMock.swift */; };
		6A0422052B86578F00F85CC7 /* ApiManagerTests.swift in Sources */ = {isa = PBXBuildFile; fileRef = 6A0422042B86578F00F85CC7 /* ApiManagerTests.swift */; };
		6A0422062B8657AE00F85CC7 /* ApiManager.swift in Sources */ = {isa = PBXBuildFile; fileRef = 6A0421F72B86561900F85CC7 /* ApiManager.swift */; };
		6A0422072B8657BD00F85CC7 /* ApiCallError.swift in Sources */ = {isa = PBXBuildFile; fileRef = 6A0421F92B86563600F85CC7 /* ApiCallError.swift */; };
		6A0422082B8657EB00F85CC7 /* FormatExtensions.swift in Sources */ = {isa = PBXBuildFile; fileRef = 6A0421F22B8655D200F85CC7 /* FormatExtensions.swift */; };
		6A0422092B86581000F85CC7 /* SearchResponse.swift in Sources */ = {isa = PBXBuildFile; fileRef = 6A0421E82B86551600F85CC7 /* SearchResponse.swift */; };
		6A04220A2B86584C00F85CC7 /* Request.swift in Sources */ = {isa = PBXBuildFile; fileRef = 6A0421FD2B86565F00F85CC7 /* Request.swift */; };
		6A04220B2B86585500F85CC7 /* JsonDecoder.swift in Sources */ = {isa = PBXBuildFile; fileRef = 6A0421FB2B86564D00F85CC7 /* JsonDecoder.swift */; };
		6A04220C2B8658F800F85CC7 /* Endpoints.swift in Sources */ = {isa = PBXBuildFile; fileRef = 6A0421F52B86560900F85CC7 /* Endpoints.swift */; };
		6A04220D2B86590200F85CC7 /* SearchRequest.swift in Sources */ = {isa = PBXBuildFile; fileRef = 6A0421EF2B8655A900F85CC7 /* SearchRequest.swift */; };
/* End PBXBuildFile section */

/* Begin PBXContainerItemProxy section */
		6A0421C22B86541000F85CC7 /* PBXContainerItemProxy */ = {
			isa = PBXContainerItemProxy;
			containerPortal = 6A0421A92B86540D00F85CC7 /* Project object */;
			proxyType = 1;
			remoteGlobalIDString = 6A0421B02B86540D00F85CC7;
			remoteInfo = CVSProject;
		};
		6A0421CC2B86541000F85CC7 /* PBXContainerItemProxy */ = {
			isa = PBXContainerItemProxy;
			containerPortal = 6A0421A92B86540D00F85CC7 /* Project object */;
			proxyType = 1;
			remoteGlobalIDString = 6A0421B02B86540D00F85CC7;
			remoteInfo = CVSProject;
		};
/* End PBXContainerItemProxy section */

/* Begin PBXFileReference section */
		6A0421B12B86540D00F85CC7 /* CVSProject.app */ = {isa = PBXFileReference; explicitFileType = wrapper.application; includeInIndex = 0; path = CVSProject.app; sourceTree = BUILT_PRODUCTS_DIR; };
		6A0421B42B86540D00F85CC7 /* CVSProjectApp.swift */ = {isa = PBXFileReference; lastKnownFileType = sourcecode.swift; path = CVSProjectApp.swift; sourceTree = "<group>"; };
		6A0421B82B86541000F85CC7 /* Assets.xcassets */ = {isa = PBXFileReference; lastKnownFileType = folder.assetcatalog; path = Assets.xcassets; sourceTree = "<group>"; };
		6A0421BB2B86541000F85CC7 /* Preview Assets.xcassets */ = {isa = PBXFileReference; lastKnownFileType = folder.assetcatalog; path = "Preview Assets.xcassets"; sourceTree = "<group>"; };
		6A0421C12B86541000F85CC7 /* CVSProjectTests.xctest */ = {isa = PBXFileReference; explicitFileType = wrapper.cfbundle; includeInIndex = 0; path = CVSProjectTests.xctest; sourceTree = BUILT_PRODUCTS_DIR; };
		6A0421CB2B86541000F85CC7 /* CVSProjectUITests.xctest */ = {isa = PBXFileReference; explicitFileType = wrapper.cfbundle; includeInIndex = 0; path = CVSProjectUITests.xctest; sourceTree = BUILT_PRODUCTS_DIR; };
		6A0421CF2B86541000F85CC7 /* CVSProjectUITests.swift */ = {isa = PBXFileReference; lastKnownFileType = sourcecode.swift; path = CVSProjectUITests.swift; sourceTree = "<group>"; };
		6A0421D12B86541000F85CC7 /* CVSProjectUITestsLaunchTests.swift */ = {isa = PBXFileReference; lastKnownFileType = sourcecode.swift; path = CVSProjectUITestsLaunchTests.swift; sourceTree = "<group>"; };
		6A0421DF2B86544200F85CC7 /* SearchView.swift */ = {isa = PBXFileReference; lastKnownFileType = sourcecode.swift; path = SearchView.swift; sourceTree = "<group>"; };
		6A0421E12B86546A00F85CC7 /* SearchResultView.swift */ = {isa = PBXFileReference; lastKnownFileType = sourcecode.swift; path = SearchResultView.swift; sourceTree = "<group>"; };
		6A0421E32B8654AA00F85CC7 /* SearchItemDetailsScreen.swift */ = {isa = PBXFileReference; lastKnownFileType = sourcecode.swift; path = SearchItemDetailsScreen.swift; sourceTree = "<group>"; };
		6A0421E52B8654C800F85CC7 /* ShareView.swift */ = {isa = PBXFileReference; lastKnownFileType = sourcecode.swift; path = ShareView.swift; sourceTree = "<group>"; };
		6A0421E82B86551600F85CC7 /* SearchResponse.swift */ = {isa = PBXFileReference; lastKnownFileType = sourcecode.swift; path = SearchResponse.swift; sourceTree = "<group>"; };
		6A0421EA2B86555500F85CC7 /* SearchViewItem.swift */ = {isa = PBXFileReference; lastKnownFileType = sourcecode.swift; path = SearchViewItem.swift; sourceTree = "<group>"; };
		6A0421ED2B86559000F85CC7 /* SearchViewModel.swift */ = {isa = PBXFileReference; lastKnownFileType = sourcecode.swift; path = SearchViewModel.swift; sourceTree = "<group>"; };
		6A0421EF2B8655A900F85CC7 /* SearchRequest.swift */ = {isa = PBXFileReference; lastKnownFileType = sourcecode.swift; path = SearchRequest.swift; sourceTree = "<group>"; };
		6A0421F22B8655D200F85CC7 /* FormatExtensions.swift */ = {isa = PBXFileReference; lastKnownFileType = sourcecode.swift; path = FormatExtensions.swift; sourceTree = "<group>"; };
		6A0421F52B86560900F85CC7 /* Endpoints.swift */ = {isa = PBXFileReference; lastKnownFileType = sourcecode.swift; path = Endpoints.swift; sourceTree = "<group>"; };
		6A0421F72B86561900F85CC7 /* ApiManager.swift */ = {isa = PBXFileReference; lastKnownFileType = sourcecode.swift; path = ApiManager.swift; sourceTree = "<group>"; };
		6A0421F92B86563600F85CC7 /* ApiCallError.swift */ = {isa = PBXFileReference; lastKnownFileType = sourcecode.swift; path = ApiCallError.swift; sourceTree = "<group>"; };
		6A0421FB2B86564D00F85CC7 /* JsonDecoder.swift */ = {isa = PBXFileReference; lastKnownFileType = sourcecode.swift; path = JsonDecoder.swift; sourceTree = "<group>"; };
		6A0421FD2B86565F00F85CC7 /* Request.swift */ = {isa = PBXFileReference; lastKnownFileType = sourcecode.swift; path = Request.swift; sourceTree = "<group>"; };
		6A0421FF2B8656C500F85CC7 /* SearchViewModelTests.swift */ = {isa = PBXFileReference; lastKnownFileType = sourcecode.swift; path = SearchViewModelTests.swift; sourceTree = "<group>"; };
		6A0422022B86570900F85CC7 /* ApiManagerMock.swift */ = {isa = PBXFileReference; lastKnownFileType = sourcecode.swift; path = ApiManagerMock.swift; sourceTree = "<group>"; };
		6A0422042B86578F00F85CC7 /* ApiManagerTests.swift */ = {isa = PBXFileReference; lastKnownFileType = sourcecode.swift; path = ApiManagerTests.swift; sourceTree = "<group>"; };
/* End PBXFileReference section */

/* Begin PBXFrameworksBuildPhase section */
		6A0421AE2B86540D00F85CC7 /* Frameworks */ = {
			isa = PBXFrameworksBuildPhase;
			buildActionMask = 2147483647;
			files = (
			);
			runOnlyForDeploymentPostprocessing = 0;
		};
		6A0421BE2B86541000F85CC7 /* Frameworks */ = {
			isa = PBXFrameworksBuildPhase;
			buildActionMask = 2147483647;
			files = (
			);
			runOnlyForDeploymentPostprocessing = 0;
		};
		6A0421C82B86541000F85CC7 /* Frameworks */ = {
			isa = PBXFrameworksBuildPhase;
			buildActionMask = 2147483647;
			files = (
			);
			runOnlyForDeploymentPostprocessing = 0;
		};
/* End PBXFrameworksBuildPhase section */

/* Begin PBXGroup section */
		6A0421A82B86540D00F85CC7 = {
			isa = PBXGroup;
			children = (
				6A0421B32B86540D00F85CC7 /* CVSProject */,
				6A0421C42B86541000F85CC7 /* CVSProjectTests */,
				6A0421CE2B86541000F85CC7 /* CVSProjectUITests */,
				6A0421B22B86540D00F85CC7 /* Products */,
			);
			sourceTree = "<group>";
		};
		6A0421B22B86540D00F85CC7 /* Products */ = {
			isa = PBXGroup;
			children = (
				6A0421B12B86540D00F85CC7 /* CVSProject.app */,
				6A0421C12B86541000F85CC7 /* CVSProjectTests.xctest */,
				6A0421CB2B86541000F85CC7 /* CVSProjectUITests.xctest */,
			);
			name = Products;
			sourceTree = "<group>";
		};
		6A0421B32B86540D00F85CC7 /* CVSProject */ = {
			isa = PBXGroup;
			children = (
				6A0421F42B8655E600F85CC7 /* ApiClient */,
				6A0421F12B8655BA00F85CC7 /* Extensions */,
				6A0421EC2B86557400F85CC7 /* ViewModels */,
				6A0421E72B8654FF00F85CC7 /* Models */,
				6A0421DE2B86542B00F85CC7 /* Views */,
				6A0421B42B86540D00F85CC7 /* CVSProjectApp.swift */,
				6A0421B82B86541000F85CC7 /* Assets.xcassets */,
				6A0421BA2B86541000F85CC7 /* Preview Content */,
			);
			path = CVSProject;
			sourceTree = "<group>";
		};
		6A0421BA2B86541000F85CC7 /* Preview Content */ = {
			isa = PBXGroup;
			children = (
				6A0421BB2B86541000F85CC7 /* Preview Assets.xcassets */,
			);
			path = "Preview Content";
			sourceTree = "<group>";
		};
		6A0421C42B86541000F85CC7 /* CVSProjectTests */ = {
			isa = PBXGroup;
			children = (
				6A0421FF2B8656C500F85CC7 /* SearchViewModelTests.swift */,
				6A0422022B86570900F85CC7 /* ApiManagerMock.swift */,
				6A0422042B86578F00F85CC7 /* ApiManagerTests.swift */,
			);
			path = CVSProjectTests;
			sourceTree = "<group>";
		};
		6A0421CE2B86541000F85CC7 /* CVSProjectUITests */ = {
			isa = PBXGroup;
			children = (
				6A0421CF2B86541000F85CC7 /* CVSProjectUITests.swift */,
				6A0421D12B86541000F85CC7 /* CVSProjectUITestsLaunchTests.swift */,
			);
			path = CVSProjectUITests;
			sourceTree = "<group>";
		};
		6A0421DE2B86542B00F85CC7 /* Views */ = {
			isa = PBXGroup;
			children = (
				6A0421DF2B86544200F85CC7 /* SearchView.swift */,
				6A0421E12B86546A00F85CC7 /* SearchResultView.swift */,
				6A0421E32B8654AA00F85CC7 /* SearchItemDetailsScreen.swift */,
				6A0421E52B8654C800F85CC7 /* ShareView.swift */,
				6A0421EA2B86555500F85CC7 /* SearchViewItem.swift */,
			);
			path = Views;
			sourceTree = "<group>";
		};
		6A0421E72B8654FF00F85CC7 /* Models */ = {
			isa = PBXGroup;
			children = (
				6A0421E82B86551600F85CC7 /* SearchResponse.swift */,
			);
			path = Models;
			sourceTree = "<group>";
		};
		6A0421EC2B86557400F85CC7 /* ViewModels */ = {
			isa = PBXGroup;
			children = (
				6A0421ED2B86559000F85CC7 /* SearchViewModel.swift */,
				6A0421EF2B8655A900F85CC7 /* SearchRequest.swift */,
			);
			path = ViewModels;
			sourceTree = "<group>";
		};
		6A0421F12B8655BA00F85CC7 /* Extensions */ = {
			isa = PBXGroup;
			children = (
				6A0421F22B8655D200F85CC7 /* FormatExtensions.swift */,
			);
			path = Extensions;
			sourceTree = "<group>";
		};
		6A0421F42B8655E600F85CC7 /* ApiClient */ = {
			isa = PBXGroup;
			children = (
				6A0421F52B86560900F85CC7 /* Endpoints.swift */,
				6A0421F72B86561900F85CC7 /* ApiManager.swift */,
				6A0421F92B86563600F85CC7 /* ApiCallError.swift */,
				6A0421FB2B86564D00F85CC7 /* JsonDecoder.swift */,
				6A0421FD2B86565F00F85CC7 /* Request.swift */,
			);
			path = ApiClient;
			sourceTree = "<group>";
		};
/* End PBXGroup section */

/* Begin PBXNativeTarget section */
		6A0421B02B86540D00F85CC7 /* CVSProject */ = {
			isa = PBXNativeTarget;
			buildConfigurationList = 6A0421D52B86541000F85CC7 /* Build configuration list for PBXNativeTarget "CVSProject" */;
			buildPhases = (
				6A0421AD2B86540D00F85CC7 /* Sources */,
				6A0421AE2B86540D00F85CC7 /* Frameworks */,
				6A0421AF2B86540D00F85CC7 /* Resources */,
			);
			buildRules = (
			);
			dependencies = (
			);
			name = CVSProject;
			productName = CVSProject;
			productReference = 6A0421B12B86540D00F85CC7 /* CVSProject.app */;
			productType = "com.apple.product-type.application";
		};
		6A0421C02B86541000F85CC7 /* CVSProjectTests */ = {
			isa = PBXNativeTarget;
			buildConfigurationList = 6A0421D82B86541000F85CC7 /* Build configuration list for PBXNativeTarget "CVSProjectTests" */;
			buildPhases = (
				6A0421BD2B86541000F85CC7 /* Sources */,
				6A0421BE2B86541000F85CC7 /* Frameworks */,
				6A0421BF2B86541000F85CC7 /* Resources */,
			);
			buildRules = (
			);
			dependencies = (
				6A0421C32B86541000F85CC7 /* PBXTargetDependency */,
			);
			name = CVSProjectTests;
			productName = CVSProjectTests;
			productReference = 6A0421C12B86541000F85CC7 /* CVSProjectTests.xctest */;
			productType = "com.apple.product-type.bundle.unit-test";
		};
		6A0421CA2B86541000F85CC7 /* CVSProjectUITests */ = {
			isa = PBXNativeTarget;
			buildConfigurationList = 6A0421DB2B86541000F85CC7 /* Build configuration list for PBXNativeTarget "CVSProjectUITests" */;
			buildPhases = (
				6A0421C72B86541000F85CC7 /* Sources */,
				6A0421C82B86541000F85CC7 /* Frameworks */,
				6A0421C92B86541000F85CC7 /* Resources */,
			);
			buildRules = (
			);
			dependencies = (
				6A0421CD2B86541000F85CC7 /* PBXTargetDependency */,
			);
			name = CVSProjectUITests;
			productName = CVSProjectUITests;
			productReference = 6A0421CB2B86541000F85CC7 /* CVSProjectUITests.xctest */;
			productType = "com.apple.product-type.bundle.ui-testing";
		};
/* End PBXNativeTarget section */

/* Begin PBXProject section */
		6A0421A92B86540D00F85CC7 /* Project object */ = {
			isa = PBXProject;
			attributes = {
				BuildIndependentTargetsInParallel = 1;
				LastSwiftUpdateCheck = 1520;
				LastUpgradeCheck = 1520;
				TargetAttributes = {
					6A0421B02B86540D00F85CC7 = {
						CreatedOnToolsVersion = 15.2;
					};
					6A0421C02B86541000F85CC7 = {
						CreatedOnToolsVersion = 15.2;
						TestTargetID = 6A0421B02B86540D00F85CC7;
					};
					6A0421CA2B86541000F85CC7 = {
						CreatedOnToolsVersion = 15.2;
						TestTargetID = 6A0421B02B86540D00F85CC7;
					};
				};
			};
			buildConfigurationList = 6A0421AC2B86540D00F85CC7 /* Build configuration list for PBXProject "CVSProject" */;
			compatibilityVersion = "Xcode 14.0";
			developmentRegion = en;
			hasScannedForEncodings = 0;
			knownRegions = (
				en,
				Base,
			);
			mainGroup = 6A0421A82B86540D00F85CC7;
			productRefGroup = 6A0421B22B86540D00F85CC7 /* Products */;
			projectDirPath = "";
			projectRoot = "";
			targets = (
				6A0421B02B86540D00F85CC7 /* CVSProject */,
				6A0421C02B86541000F85CC7 /* CVSProjectTests */,
				6A0421CA2B86541000F85CC7 /* CVSProjectUITests */,
			);
		};
/* End PBXProject section */

/* Begin PBXResourcesBuildPhase section */
		6A0421AF2B86540D00F85CC7 /* Resources */ = {
			isa = PBXResourcesBuildPhase;
			buildActionMask = 2147483647;
			files = (
				6A0421BC2B86541000F85CC7 /* Preview Assets.xcassets in Resources */,
				6A0421B92B86541000F85CC7 /* Assets.xcassets in Resources */,
			);
			runOnlyForDeploymentPostprocessing = 0;
		};
		6A0421BF2B86541000F85CC7 /* Resources */ = {
			isa = PBXResourcesBuildPhase;
			buildActionMask = 2147483647;
			files = (
			);
			runOnlyForDeploymentPostprocessing = 0;
		};
		6A0421C92B86541000F85CC7 /* Resources */ = {
			isa = PBXResourcesBuildPhase;
			buildActionMask = 2147483647;
			files = (
			);
			runOnlyForDeploymentPostprocessing = 0;
		};
/* End PBXResourcesBuildPhase section */

/* Begin PBXSourcesBuildPhase section */
		6A0421AD2B86540D00F85CC7 /* Sources */ = {
			isa = PBXSourcesBuildPhase;
			buildActionMask = 2147483647;
			files = (
				6A0421FC2B86564D00F85CC7 /* JsonDecoder.swift in Sources */,
				6A0421E62B8654C800F85CC7 /* ShareView.swift in Sources */,
				6A0421E02B86544200F85CC7 /* SearchView.swift in Sources */,
				6A0421F32B8655D300F85CC7 /* FormatExtensions.swift in Sources */,
				6A0421EE2B86559000F85CC7 /* SearchViewModel.swift in Sources */,
				6A0421F82B86561900F85CC7 /* ApiManager.swift in Sources */,
				6A0421E92B86551600F85CC7 /* SearchResponse.swift in Sources */,
				6A0421FE2B86565F00F85CC7 /* Request.swift in Sources */,
				6A0421E22B86546A00F85CC7 /* SearchResultView.swift in Sources */,
				6A0421FA2B86563600F85CC7 /* ApiCallError.swift in Sources */,
				6A0421EB2B86555500F85CC7 /* SearchViewItem.swift in Sources */,
				6A0421B52B86540D00F85CC7 /* CVSProjectApp.swift in Sources */,
				6A0421F02B8655A900F85CC7 /* SearchRequest.swift in Sources */,
				6A0421E42B8654AA00F85CC7 /* SearchItemDetailsScreen.swift in Sources */,
				6A0421F62B86560900F85CC7 /* Endpoints.swift in Sources */,
			);
			runOnlyForDeploymentPostprocessing = 0;
		};
		6A0421BD2B86541000F85CC7 /* Sources */ = {
			isa = PBXSourcesBuildPhase;
			buildActionMask = 2147483647;
			files = (
				6A0422052B86578F00F85CC7 /* ApiManagerTests.swift in Sources */,
				6A04220D2B86590200F85CC7 /* SearchRequest.swift in Sources */,
				6A0422012B8656F000F85CC7 /* SearchViewModel.swift in Sources */,
				6A0422082B8657EB00F85CC7 /* FormatExtensions.swift in Sources */,
				6A0422062B8657AE00F85CC7 /* ApiManager.swift in Sources */,
				6A0422092B86581000F85CC7 /* SearchResponse.swift in Sources */,
				6A0422072B8657BD00F85CC7 /* ApiCallError.swift in Sources */,
				6A04220B2B86585500F85CC7 /* JsonDecoder.swift in Sources */,
				6A0422032B86570900F85CC7 /* ApiManagerMock.swift in Sources */,
				6A04220A2B86584C00F85CC7 /* Request.swift in Sources */,
				6A0422002B8656C500F85CC7 /* SearchViewModelTests.swift in Sources */,
				6A04220C2B8658F800F85CC7 /* Endpoints.swift in Sources */,
			);
			runOnlyForDeploymentPostprocessing = 0;
		};
		6A0421C72B86541000F85CC7 /* Sources */ = {
			isa = PBXSourcesBuildPhase;
			buildActionMask = 2147483647;
			files = (
				6A0421D02B86541000F85CC7 /* CVSProjectUITests.swift in Sources */,
				6A0421D22B86541000F85CC7 /* CVSProjectUITestsLaunchTests.swift in Sources */,
			);
			runOnlyForDeploymentPostprocessing = 0;
		};
/* End PBXSourcesBuildPhase section */

/* Begin PBXTargetDependency section */
		6A0421C32B86541000F85CC7 /* PBXTargetDependency */ = {
			isa = PBXTargetDependency;
			target = 6A0421B02B86540D00F85CC7 /* CVSProject */;
			targetProxy = 6A0421C22B86541000F85CC7 /* PBXContainerItemProxy */;
		};
		6A0421CD2B86541000F85CC7 /* PBXTargetDependency */ = {
			isa = PBXTargetDependency;
			target = 6A0421B02B86540D00F85CC7 /* CVSProject */;
			targetProxy = 6A0421CC2B86541000F85CC7 /* PBXContainerItemProxy */;
		};
/* End PBXTargetDependency section */

/* Begin XCBuildConfiguration section */
		6A0421D32B86541000F85CC7 /* Debug */ = {
			isa = XCBuildConfiguration;
			buildSettings = {
				ALWAYS_SEARCH_USER_PATHS = NO;
				ASSETCATALOG_COMPILER_GENERATE_SWIFT_ASSET_SYMBOL_EXTENSIONS = YES;
				CLANG_ANALYZER_NONNULL = YES;
				CLANG_ANALYZER_NUMBER_OBJECT_CONVERSION = YES_AGGRESSIVE;
				CLANG_CXX_LANGUAGE_STANDARD = "gnu++20";
				CLANG_ENABLE_MODULES = YES;
				CLANG_ENABLE_OBJC_ARC = YES;
				CLANG_ENABLE_OBJC_WEAK = YES;
				CLANG_WARN_BLOCK_CAPTURE_AUTORELEASING = YES;
				CLANG_WARN_BOOL_CONVERSION = YES;
				CLANG_WARN_COMMA = YES;
				CLANG_WARN_CONSTANT_CONVERSION = YES;
				CLANG_WARN_DEPRECATED_OBJC_IMPLEMENTATIONS = YES;
				CLANG_WARN_DIRECT_OBJC_ISA_USAGE = YES_ERROR;
				CLANG_WARN_DOCUMENTATION_COMMENTS = YES;
				CLANG_WARN_EMPTY_BODY = YES;
				CLANG_WARN_ENUM_CONVERSION = YES;
				CLANG_WARN_INFINITE_RECURSION = YES;
				CLANG_WARN_INT_CONVERSION = YES;
				CLANG_WARN_NON_LITERAL_NULL_CONVERSION = YES;
				CLANG_WARN_OBJC_IMPLICIT_RETAIN_SELF = YES;
				CLANG_WARN_OBJC_LITERAL_CONVERSION = YES;
				CLANG_WARN_OBJC_ROOT_CLASS = YES_ERROR;
				CLANG_WARN_QUOTED_INCLUDE_IN_FRAMEWORK_HEADER = YES;
				CLANG_WARN_RANGE_LOOP_ANALYSIS = YES;
				CLANG_WARN_STRICT_PROTOTYPES = YES;
				CLANG_WARN_SUSPICIOUS_MOVE = YES;
				CLANG_WARN_UNGUARDED_AVAILABILITY = YES_AGGRESSIVE;
				CLANG_WARN_UNREACHABLE_CODE = YES;
				CLANG_WARN__DUPLICATE_METHOD_MATCH = YES;
				COPY_PHASE_STRIP = NO;
				DEBUG_INFORMATION_FORMAT = dwarf;
				ENABLE_STRICT_OBJC_MSGSEND = YES;
				ENABLE_TESTABILITY = YES;
				ENABLE_USER_SCRIPT_SANDBOXING = YES;
				GCC_C_LANGUAGE_STANDARD = gnu17;
				GCC_DYNAMIC_NO_PIC = NO;
				GCC_NO_COMMON_BLOCKS = YES;
				GCC_OPTIMIZATION_LEVEL = 0;
				GCC_PREPROCESSOR_DEFINITIONS = (
					"DEBUG=1",
					"$(inherited)",
				);
				GCC_WARN_64_TO_32_BIT_CONVERSION = YES;
				GCC_WARN_ABOUT_RETURN_TYPE = YES_ERROR;
				GCC_WARN_UNDECLARED_SELECTOR = YES;
				GCC_WARN_UNINITIALIZED_AUTOS = YES_AGGRESSIVE;
				GCC_WARN_UNUSED_FUNCTION = YES;
				GCC_WARN_UNUSED_VARIABLE = YES;
				IPHONEOS_DEPLOYMENT_TARGET = 17.2;
				LOCALIZATION_PREFERS_STRING_CATALOGS = YES;
				MTL_ENABLE_DEBUG_INFO = INCLUDE_SOURCE;
				MTL_FAST_MATH = YES;
				ONLY_ACTIVE_ARCH = YES;
				SDKROOT = iphoneos;
				SWIFT_ACTIVE_COMPILATION_CONDITIONS = "DEBUG $(inherited)";
				SWIFT_OPTIMIZATION_LEVEL = "-Onone";
			};
			name = Debug;
		};
		6A0421D42B86541000F85CC7 /* Release */ = {
			isa = XCBuildConfiguration;
			buildSettings = {
				ALWAYS_SEARCH_USER_PATHS = NO;
				ASSETCATALOG_COMPILER_GENERATE_SWIFT_ASSET_SYMBOL_EXTENSIONS = YES;
				CLANG_ANALYZER_NONNULL = YES;
				CLANG_ANALYZER_NUMBER_OBJECT_CONVERSION = YES_AGGRESSIVE;
				CLANG_CXX_LANGUAGE_STANDARD = "gnu++20";
				CLANG_ENABLE_MODULES = YES;
				CLANG_ENABLE_OBJC_ARC = YES;
				CLANG_ENABLE_OBJC_WEAK = YES;
				CLANG_WARN_BLOCK_CAPTURE_AUTORELEASING = YES;
				CLANG_WARN_BOOL_CONVERSION = YES;
				CLANG_WARN_COMMA = YES;
				CLANG_WARN_CONSTANT_CONVERSION = YES;
				CLANG_WARN_DEPRECATED_OBJC_IMPLEMENTATIONS = YES;
				CLANG_WARN_DIRECT_OBJC_ISA_USAGE = YES_ERROR;
				CLANG_WARN_DOCUMENTATION_COMMENTS = YES;
				CLANG_WARN_EMPTY_BODY = YES;
				CLANG_WARN_ENUM_CONVERSION = YES;
				CLANG_WARN_INFINITE_RECURSION = YES;
				CLANG_WARN_INT_CONVERSION = YES;
				CLANG_WARN_NON_LITERAL_NULL_CONVERSION = YES;
				CLANG_WARN_OBJC_IMPLICIT_RETAIN_SELF = YES;
				CLANG_WARN_OBJC_LITERAL_CONVERSION = YES;
				CLANG_WARN_OBJC_ROOT_CLASS = YES_ERROR;
				CLANG_WARN_QUOTED_INCLUDE_IN_FRAMEWORK_HEADER = YES;
				CLANG_WARN_RANGE_LOOP_ANALYSIS = YES;
				CLANG_WARN_STRICT_PROTOTYPES = YES;
				CLANG_WARN_SUSPICIOUS_MOVE = YES;
				CLANG_WARN_UNGUARDED_AVAILABILITY = YES_AGGRESSIVE;
				CLANG_WARN_UNREACHABLE_CODE = YES;
				CLANG_WARN__DUPLICATE_METHOD_MATCH = YES;
				COPY_PHASE_STRIP = NO;
				DEBUG_INFORMATION_FORMAT = "dwarf-with-dsym";
				ENABLE_NS_ASSERTIONS = NO;
				ENABLE_STRICT_OBJC_MSGSEND = YES;
				ENABLE_USER_SCRIPT_SANDBOXING = YES;
				GCC_C_LANGUAGE_STANDARD = gnu17;
				GCC_NO_COMMON_BLOCKS = YES;
				GCC_WARN_64_TO_32_BIT_CONVERSION = YES;
				GCC_WARN_ABOUT_RETURN_TYPE = YES_ERROR;
				GCC_WARN_UNDECLARED_SELECTOR = YES;
				GCC_WARN_UNINITIALIZED_AUTOS = YES_AGGRESSIVE;
				GCC_WARN_UNUSED_FUNCTION = YES;
				GCC_WARN_UNUSED_VARIABLE = YES;
				IPHONEOS_DEPLOYMENT_TARGET = 17.2;
				LOCALIZATION_PREFERS_STRING_CATALOGS = YES;
				MTL_ENABLE_DEBUG_INFO = NO;
				MTL_FAST_MATH = YES;
				SDKROOT = iphoneos;
				SWIFT_COMPILATION_MODE = wholemodule;
				VALIDATE_PRODUCT = YES;
			};
			name = Release;
		};
		6A0421D62B86541000F85CC7 /* Debug */ = {
			isa = XCBuildConfiguration;
			buildSettings = {
				ASSETCATALOG_COMPILER_APPICON_NAME = AppIcon;
				ASSETCATALOG_COMPILER_GLOBAL_ACCENT_COLOR_NAME = AccentColor;
				CODE_SIGN_STYLE = Automatic;
				CURRENT_PROJECT_VERSION = 1;
				DEVELOPMENT_ASSET_PATHS = "\"CVSProject/Preview Content\"";
				DEVELOPMENT_TEAM = 4Q44M4F7ZP;
				ENABLE_PREVIEWS = YES;
				GENERATE_INFOPLIST_FILE = YES;
				INFOPLIST_KEY_UIApplicationSceneManifest_Generation = YES;
				INFOPLIST_KEY_UIApplicationSupportsIndirectInputEvents = YES;
				INFOPLIST_KEY_UILaunchScreen_Generation = YES;
				INFOPLIST_KEY_UISupportedInterfaceOrientations_iPad = "UIInterfaceOrientationPortrait UIInterfaceOrientationPortraitUpsideDown UIInterfaceOrientationLandscapeLeft UIInterfaceOrientationLandscapeRight";
				INFOPLIST_KEY_UISupportedInterfaceOrientations_iPhone = "UIInterfaceOrientationPortrait UIInterfaceOrientationLandscapeLeft UIInterfaceOrientationLandscapeRight";
				LD_RUNPATH_SEARCH_PATHS = (
					"$(inherited)",
					"@executable_path/Frameworks",
				);
				MARKETING_VERSION = 1.0;
				PRODUCT_BUNDLE_IDENTIFIER = com.personal.CVSProject;
				PRODUCT_NAME = "$(TARGET_NAME)";
				SWIFT_EMIT_LOC_STRINGS = YES;
				SWIFT_VERSION = 5.0;
				TARGETED_DEVICE_FAMILY = "1,2";
			};
			name = Debug;
		};
		6A0421D72B86541000F85CC7 /* Release */ = {
			isa = XCBuildConfiguration;
			buildSettings = {
				ASSETCATALOG_COMPILER_APPICON_NAME = AppIcon;
				ASSETCATALOG_COMPILER_GLOBAL_ACCENT_COLOR_NAME = AccentColor;
				CODE_SIGN_STYLE = Automatic;
				CURRENT_PROJECT_VERSION = 1;
				DEVELOPMENT_ASSET_PATHS = "\"CVSProject/Preview Content\"";
				DEVELOPMENT_TEAM = 4Q44M4F7ZP;
				ENABLE_PREVIEWS = YES;
				GENERATE_INFOPLIST_FILE = YES;
				INFOPLIST_KEY_UIApplicationSceneManifest_Generation = YES;
				INFOPLIST_KEY_UIApplicationSupportsIndirectInputEvents = YES;
				INFOPLIST_KEY_UILaunchScreen_Generation = YES;
				INFOPLIST_KEY_UISupportedInterfaceOrientations_iPad = "UIInterfaceOrientationPortrait UIInterfaceOrientationPortraitUpsideDown UIInterfaceOrientationLandscapeLeft UIInterfaceOrientationLandscapeRight";
				INFOPLIST_KEY_UISupportedInterfaceOrientations_iPhone = "UIInterfaceOrientationPortrait UIInterfaceOrientationLandscapeLeft UIInterfaceOrientationLandscapeRight";
				LD_RUNPATH_SEARCH_PATHS = (
					"$(inherited)",
					"@executable_path/Frameworks",
				);
				MARKETING_VERSION = 1.0;
				PRODUCT_BUNDLE_IDENTIFIER = com.personal.CVSProject;
				PRODUCT_NAME = "$(TARGET_NAME)";
				SWIFT_EMIT_LOC_STRINGS = YES;
				SWIFT_VERSION = 5.0;
				TARGETED_DEVICE_FAMILY = "1,2";
			};
			name = Release;
		};
		6A0421D92B86541000F85CC7 /* Debug */ = {
			isa = XCBuildConfiguration;
			buildSettings = {
				ALWAYS_EMBED_SWIFT_STANDARD_LIBRARIES = YES;
				BUNDLE_LOADER = "$(TEST_HOST)";
				CODE_SIGN_STYLE = Automatic;
				CURRENT_PROJECT_VERSION = 1;
				DEVELOPMENT_TEAM = 4Q44M4F7ZP;
				GENERATE_INFOPLIST_FILE = YES;
				IPHONEOS_DEPLOYMENT_TARGET = 17.2;
				MARKETING_VERSION = 1.0;
				PRODUCT_BUNDLE_IDENTIFIER = com.personal.CVSProjectTests;
				PRODUCT_NAME = "$(TARGET_NAME)";
				SWIFT_EMIT_LOC_STRINGS = NO;
				SWIFT_VERSION = 5.0;
				TARGETED_DEVICE_FAMILY = "1,2";
				TEST_HOST = "$(BUILT_PRODUCTS_DIR)/CVSProject.app/$(BUNDLE_EXECUTABLE_FOLDER_PATH)/CVSProject";
			};
			name = Debug;
		};
		6A0421DA2B86541000F85CC7 /* Release */ = {
			isa = XCBuildConfiguration;
			buildSettings = {
				ALWAYS_EMBED_SWIFT_STANDARD_LIBRARIES = YES;
				BUNDLE_LOADER = "$(TEST_HOST)";
				CODE_SIGN_STYLE = Automatic;
				CURRENT_PROJECT_VERSION = 1;
				DEVELOPMENT_TEAM = 4Q44M4F7ZP;
				GENERATE_INFOPLIST_FILE = YES;
				IPHONEOS_DEPLOYMENT_TARGET = 17.2;
				MARKETING_VERSION = 1.0;
				PRODUCT_BUNDLE_IDENTIFIER = com.personal.CVSProjectTests;
				PRODUCT_NAME = "$(TARGET_NAME)";
				SWIFT_EMIT_LOC_STRINGS = NO;
				SWIFT_VERSION = 5.0;
				TARGETED_DEVICE_FAMILY = "1,2";
				TEST_HOST = "$(BUILT_PRODUCTS_DIR)/CVSProject.app/$(BUNDLE_EXECUTABLE_FOLDER_PATH)/CVSProject";
			};
			name = Release;
		};
		6A0421DC2B86541000F85CC7 /* Debug */ = {
			isa = XCBuildConfiguration;
			buildSettings = {
				ALWAYS_EMBED_SWIFT_STANDARD_LIBRARIES = YES;
				CODE_SIGN_STYLE = Automatic;
				CURRENT_PROJECT_VERSION = 1;
				DEVELOPMENT_TEAM = 4Q44M4F7ZP;
				GENERATE_INFOPLIST_FILE = YES;
				MARKETING_VERSION = 1.0;
				PRODUCT_BUNDLE_IDENTIFIER = com.personal.CVSProjectUITests;
				PRODUCT_NAME = "$(TARGET_NAME)";
				SWIFT_EMIT_LOC_STRINGS = NO;
				SWIFT_VERSION = 5.0;
				TARGETED_DEVICE_FAMILY = "1,2";
				TEST_TARGET_NAME = CVSProject;
			};
			name = Debug;
		};
		6A0421DD2B86541000F85CC7 /* Release */ = {
			isa = XCBuildConfiguration;
			buildSettings = {
				ALWAYS_EMBED_SWIFT_STANDARD_LIBRARIES = YES;
				CODE_SIGN_STYLE = Automatic;
				CURRENT_PROJECT_VERSION = 1;
				DEVELOPMENT_TEAM = 4Q44M4F7ZP;
				GENERATE_INFOPLIST_FILE = YES;
				MARKETING_VERSION = 1.0;
				PRODUCT_BUNDLE_IDENTIFIER = com.personal.CVSProjectUITests;
				PRODUCT_NAME = "$(TARGET_NAME)";
				SWIFT_EMIT_LOC_STRINGS = NO;
				SWIFT_VERSION = 5.0;
				TARGETED_DEVICE_FAMILY = "1,2";
				TEST_TARGET_NAME = CVSProject;
			};
			name = Release;
		};
/* End XCBuildConfiguration section */

/* Begin XCConfigurationList section */
		6A0421AC2B86540D00F85CC7 /* Build configuration list for PBXProject "CVSProject" */ = {
			isa = XCConfigurationList;
			buildConfigurations = (
				6A0421D32B86541000F85CC7 /* Debug */,
				6A0421D42B86541000F85CC7 /* Release */,
			);
			defaultConfigurationIsVisible = 0;
			defaultConfigurationName = Release;
		};
		6A0421D52B86541000F85CC7 /* Build configuration list for PBXNativeTarget "CVSProject" */ = {
			isa = XCConfigurationList;
			buildConfigurations = (
				6A0421D62B86541000F85CC7 /* Debug */,
				6A0421D72B86541000F85CC7 /* Release */,
			);
			defaultConfigurationIsVisible = 0;
			defaultConfigurationName = Release;
		};
		6A0421D82B86541000F85CC7 /* Build configuration list for PBXNativeTarget "CVSProjectTests" */ = {
			isa = XCConfigurationList;
			buildConfigurations = (
				6A0421D92B86541000F85CC7 /* Debug */,
				6A0421DA2B86541000F85CC7 /* Release */,
			);
			defaultConfigurationIsVisible = 0;
			defaultConfigurationName = Release;
		};
		6A0421DB2B86541000F85CC7 /* Build configuration list for PBXNativeTarget "CVSProjectUITests" */ = {
			isa = XCConfigurationList;
			buildConfigurations = (
				6A0421DC2B86541000F85CC7 /* Debug */,
				6A0421DD2B86541000F85CC7 /* Release */,
			);
			defaultConfigurationIsVisible = 0;
			defaultConfigurationName = Release;
		};
/* End XCConfigurationList section */
	};
	rootObject = 6A0421A92B86540D00F85CC7 /* Project object */;
}
